
Microsoft Visual Studio Solution File, Format Version 12.00
# Visual Studio 15
VisualStudioVersion = 15.0.27703.2026
MinimumVisualStudioVersion = 10.0.40219.1
Project("{9A19103F-16F7-4668-BE54-9A1E7A4F7556}") = "SharedSpace", "SharedSpace\SharedSpace.csproj", "{17139C0A-94C6-4B69-9791-9471E445B31A}"
EndProject
Project("{FAE04EC0-301F-11D3-BF4B-00C04F79EFBC}") = "Example.SharedSpace.Droid", "Example.SharedSpace.Droid\Example.SharedSpace.Droid.csproj", "{3BC0AC7E-3B3B-4D3F-9CC0-B2BDECC460A6}"
EndProject
Project("{FAE04EC0-301F-11D3-BF4B-00C04F79EFBC}") = "Example.SharedSpace.iOS", "Example.SharedSpace.iOS\Example.SharedSpace.iOS.csproj", "{80A96B52-6758-4BDB-B0B4-CEA4CA155C60}"
EndProject
Project("{FAE04EC0-301F-11D3-BF4B-00C04F79EFBC}") = "SharedSpace.Droid.Lib", "SharedSpace.Droid.Lib\SharedSpace.Droid.Lib.csproj", "{2F3D3492-4212-4809-8176-FC7BEE9804A7}"
EndProject
Project("{FAE04EC0-301F-11D3-BF4B-00C04F79EFBC}") = "SharedSpace.iOS.Lib", "SharedSpace.iOS.Lib\SharedSpace.iOS.Lib.csproj", "{E71F3053-056C-4381-9638-048ED73BDFF6}"
EndProject
Project("{2150E333-8FDC-42A3-9474-1A3956D46DE8}") = "Example", "Example", "{D5AE3B0C-32D6-44D6-8495-6F7F7D9293B2}"
EndProject
Project("{9A19103F-16F7-4668-BE54-9A1E7A4F7556}") = "Example.SharedSpace.Common", "Example.SharedSpace.Common\Example.SharedSpace.Common.csproj", "{CDCC8BB2-9B08-452F-A3B9-647E059314E6}"
EndProject
Project("{FAE04EC0-301F-11D3-BF4B-00C04F79EFBC}") = "Example.SharedSpace.UITest", "Example.SharedSpace.UITest\Example.SharedSpace.UITest.csproj", "{B19C892E-2628-4CA7-AD27-08D406A3B14B}"
EndProject
Global
	GlobalSection(SolutionConfigurationPlatforms) = preSolution
		Debug|Any CPU = Debug|Any CPU
		Debug|iPhone = Debug|iPhone
		Debug|iPhoneSimulator = Debug|iPhoneSimulator
		Release|Any CPU = Release|Any CPU
		Release|iPhone = Release|iPhone
		Release|iPhoneSimulator = Release|iPhoneSimulator
	EndGlobalSection
	GlobalSection(ProjectConfigurationPlatforms) = postSolution
		{17139C0A-94C6-4B69-9791-9471E445B31A}.Debug|Any CPU.ActiveCfg = Debug|Any CPU
		{17139C0A-94C6-4B69-9791-9471E445B31A}.Debug|Any CPU.Build.0 = Debug|Any CPU
		{17139C0A-94C6-4B69-9791-9471E445B31A}.Debug|iPhone.ActiveCfg = Debug|Any CPU
		{17139C0A-94C6-4B69-9791-9471E445B31A}.Debug|iPhone.Build.0 = Debug|Any CPU
		{17139C0A-94C6-4B69-9791-9471E445B31A}.Debug|iPhoneSimulator.ActiveCfg = Debug|Any CPU
		{17139C0A-94C6-4B69-9791-9471E445B31A}.Release|Any CPU.ActiveCfg = Release|Any CPU
		{17139C0A-94C6-4B69-9791-9471E445B31A}.Release|Any CPU.Build.0 = Release|Any CPU
		{17139C0A-94C6-4B69-9791-9471E445B31A}.Release|iPhone.ActiveCfg = Release|Any CPU
		{17139C0A-94C6-4B69-9791-9471E445B31A}.Release|iPhone.Build.0 = Release|Any CPU
		{17139C0A-94C6-4B69-9791-9471E445B31A}.Release|iPhoneSimulator.ActiveCfg = Release|Any CPU
		{3BC0AC7E-3B3B-4D3F-9CC0-B2BDECC460A6}.Debug|Any CPU.ActiveCfg = Debug|Any CPU
		{3BC0AC7E-3B3B-4D3F-9CC0-B2BDECC460A6}.Debug|Any CPU.Build.0 = Debug|Any CPU
		{3BC0AC7E-3B3B-4D3F-9CC0-B2BDECC460A6}.Debug|Any CPU.Deploy.0 = Debug|Any CPU
		{3BC0AC7E-3B3B-4D3F-9CC0-B2BDECC460A6}.Debug|iPhone.ActiveCfg = Debug|Any CPU
		{3BC0AC7E-3B3B-4D3F-9CC0-B2BDECC460A6}.Debug|iPhone.Build.0 = Debug|Any CPU
		{3BC0AC7E-3B3B-4D3F-9CC0-B2BDECC460A6}.Debug|iPhone.Deploy.0 = Debug|Any CPU
		{3BC0AC7E-3B3B-4D3F-9CC0-B2BDECC460A6}.Debug|iPhoneSimulator.ActiveCfg = Debug|Any CPU
		{3BC0AC7E-3B3B-4D3F-9CC0-B2BDECC460A6}.Release|Any CPU.ActiveCfg = Release|Any CPU
		{3BC0AC7E-3B3B-4D3F-9CC0-B2BDECC460A6}.Release|iPhone.ActiveCfg = Release|Any CPU
		{3BC0AC7E-3B3B-4D3F-9CC0-B2BDECC460A6}.Release|iPhone.Build.0 = Release|Any CPU
		{3BC0AC7E-3B3B-4D3F-9CC0-B2BDECC460A6}.Release|iPhone.Deploy.0 = Release|Any CPU
		{3BC0AC7E-3B3B-4D3F-9CC0-B2BDECC460A6}.Release|iPhoneSimulator.ActiveCfg = Release|Any CPU
		{80A96B52-6758-4BDB-B0B4-CEA4CA155C60}.Debug|Any CPU.ActiveCfg = Debug|iPhone
		{80A96B52-6758-4BDB-B0B4-CEA4CA155C60}.Debug|iPhone.ActiveCfg = Debug|iPhone
		{80A96B52-6758-4BDB-B0B4-CEA4CA155C60}.Debug|iPhone.Build.0 = Debug|iPhone
		{80A96B52-6758-4BDB-B0B4-CEA4CA155C60}.Debug|iPhoneSimulator.ActiveCfg = Debug|iPhoneSimulator
		{80A96B52-6758-4BDB-B0B4-CEA4CA155C60}.Release|Any CPU.ActiveCfg = Release|iPhone
		{80A96B52-6758-4BDB-B0B4-CEA4CA155C60}.Release|iPhone.ActiveCfg = Release|iPhone
		{80A96B52-6758-4BDB-B0B4-CEA4CA155C60}.Release|iPhone.Build.0 = Release|iPhone
		{80A96B52-6758-4BDB-B0B4-CEA4CA155C60}.Release|iPhoneSimulator.ActiveCfg = Release|iPhoneSimulator
		{2F3D3492-4212-4809-8176-FC7BEE9804A7}.Debug|Any CPU.ActiveCfg = Debug|Any CPU
		{2F3D3492-4212-4809-8176-FC7BEE9804A7}.Debug|Any CPU.Build.0 = Debug|Any CPU
		{2F3D3492-4212-4809-8176-FC7BEE9804A7}.Debug|iPhone.ActiveCfg = Debug|Any CPU
		{2F3D3492-4212-4809-8176-FC7BEE9804A7}.Debug|iPhone.Build.0 = Debug|Any CPU
		{2F3D3492-4212-4809-8176-FC7BEE9804A7}.Debug|iPhoneSimulator.ActiveCfg = Debug|Any CPU
		{2F3D3492-4212-4809-8176-FC7BEE9804A7}.Debug|iPhoneSimulator.Build.0 = Debug|Any CPU
		{2F3D3492-4212-4809-8176-FC7BEE9804A7}.Release|Any CPU.ActiveCfg = Release|Any CPU
		{2F3D3492-4212-4809-8176-FC7BEE9804A7}.Release|Any CPU.Build.0 = Release|Any CPU
		{2F3D3492-4212-4809-8176-FC7BEE9804A7}.Release|iPhone.ActiveCfg = Release|Any CPU
		{2F3D3492-4212-4809-8176-FC7BEE9804A7}.Release|iPhone.Build.0 = Release|Any CPU
		{2F3D3492-4212-4809-8176-FC7BEE9804A7}.Release|iPhoneSimulator.ActiveCfg = Release|Any CPU
		{2F3D3492-4212-4809-8176-FC7BEE9804A7}.Release|iPhoneSimulator.Build.0 = Release|Any CPU
		{E71F3053-056C-4381-9638-048ED73BDFF6}.Debug|Any CPU.ActiveCfg = Debug|Any CPU
		{E71F3053-056C-4381-9638-048ED73BDFF6}.Debug|Any CPU.Build.0 = Debug|Any CPU
		{E71F3053-056C-4381-9638-048ED73BDFF6}.Debug|iPhone.ActiveCfg = Debug|Any CPU
		{E71F3053-056C-4381-9638-048ED73BDFF6}.Debug|iPhone.Build.0 = Debug|Any CPU
		{E71F3053-056C-4381-9638-048ED73BDFF6}.Debug|iPhoneSimulator.ActiveCfg = Debug|Any CPU
		{E71F3053-056C-4381-9638-048ED73BDFF6}.Debug|iPhoneSimulator.Build.0 = Debug|Any CPU
		{E71F3053-056C-4381-9638-048ED73BDFF6}.Release|Any CPU.ActiveCfg = Release|Any CPU
		{E71F3053-056C-4381-9638-048ED73BDFF6}.Release|Any CPU.Build.0 = Release|Any CPU
		{E71F3053-056C-4381-9638-048ED73BDFF6}.Release|iPhone.ActiveCfg = Release|Any CPU
		{E71F3053-056C-4381-9638-048ED73BDFF6}.Release|iPhone.Build.0 = Release|Any CPU
		{E71F3053-056C-4381-9638-048ED73BDFF6}.Release|iPhoneSimulator.ActiveCfg = Release|Any CPU
		{E71F3053-056C-4381-9638-048ED73BDFF6}.Release|iPhoneSimulator.Build.0 = Release|Any CPU
		{CDCC8BB2-9B08-452F-A3B9-647E059314E6}.Debug|Any CPU.ActiveCfg = Debug|Any CPU
		{CDCC8BB2-9B08-452F-A3B9-647E059314E6}.Debug|Any CPU.Build.0 = Debug|Any CPU
		{CDCC8BB2-9B08-452F-A3B9-647E059314E6}.Debug|iPhone.ActiveCfg = Debug|Any CPU
		{CDCC8BB2-9B08-452F-A3B9-647E059314E6}.Debug|iPhone.Build.0 = Debug|Any CPU
		{CDCC8BB2-9B08-452F-A3B9-647E059314E6}.Debug|iPhoneSimulator.ActiveCfg = Debug|Any CPU
		{CDCC8BB2-9B08-452F-A3B9-647E059314E6}.Debug|iPhoneSimulator.Build.0 = Debug|Any CPU
		{CDCC8BB2-9B08-452F-A3B9-647E059314E6}.Release|Any CPU.ActiveCfg = Release|Any CPU
		{CDCC8BB2-9B08-452F-A3B9-647E059314E6}.Release|Any CPU.Build.0 = Release|Any CPU
		{CDCC8BB2-9B08-452F-A3B9-647E059314E6}.Release|iPhone.ActiveCfg = Release|Any CPU
		{CDCC8BB2-9B08-452F-A3B9-647E059314E6}.Release|iPhone.Build.0 = Release|Any CPU
		{CDCC8BB2-9B08-452F-A3B9-647E059314E6}.Release|iPhoneSimulator.ActiveCfg = Release|Any CPU
		{CDCC8BB2-9B08-452F-A3B9-647E059314E6}.Release|iPhoneSimulator.Build.0 = Release|Any CPU
		{B19C892E-2628-4CA7-AD27-08D406A3B14B}.Debug|Any CPU.ActiveCfg = Debug|Any CPU
		{B19C892E-2628-4CA7-AD27-08D406A3B14B}.Debug|Any CPU.Build.0 = Debug|Any CPU
		{B19C892E-2628-4CA7-AD27-08D406A3B14B}.Debug|iPhone.ActiveCfg = Debug|Any CPU
		{B19C892E-2628-4CA7-AD27-08D406A3B14B}.Debug|iPhone.Build.0 = Debug|Any CPU
		{B19C892E-2628-4CA7-AD27-08D406A3B14B}.Debug|iPhoneSimulator.ActiveCfg = Debug|Any CPU
		{B19C892E-2628-4CA7-AD27-08D406A3B14B}.Debug|iPhoneSimulator.Build.0 = Debug|Any CPU
		{B19C892E-2628-4CA7-AD27-08D406A3B14B}.Release|Any CPU.ActiveCfg = Release|Any CPU
		{B19C892E-2628-4CA7-AD27-08D406A3B14B}.Release|Any CPU.Build.0 = Release|Any CPU
		{B19C892E-2628-4CA7-AD27-08D406A3B14B}.Release|iPhone.ActiveCfg = Release|Any CPU
		{B19C892E-2628-4CA7-AD27-08D406A3B14B}.Release|iPhone.Build.0 = Release|Any CPU
		{B19C892E-2628-4CA7-AD27-08D406A3B14B}.Release|iPhoneSimulator.ActiveCfg = Release|Any CPU
		{B19C892E-2628-4CA7-AD27-08D406A3B14B}.Release|iPhoneSimulator.Build.0 = Release|Any CPU
	EndGlobalSection
	GlobalSection(SolutionProperties) = preSolution
		HideSolutionNode = FALSE
	EndGlobalSection
	GlobalSection(NestedProjects) = preSolution
		{3BC0AC7E-3B3B-4D3F-9CC0-B2BDECC460A6} = {D5AE3B0C-32D6-44D6-8495-6F7F7D9293B2}
		{80A96B52-6758-4BDB-B0B4-CEA4CA155C60} = {D5AE3B0C-32D6-44D6-8495-6F7F7D9293B2}
		{CDCC8BB2-9B08-452F-A3B9-647E059314E6} = {D5AE3B0C-32D6-44D6-8495-6F7F7D9293B2}
		{B19C892E-2628-4CA7-AD27-08D406A3B14B} = {D5AE3B0C-32D6-44D6-8495-6F7F7D9293B2}
	EndGlobalSection
	GlobalSection(ExtensibilityGlobals) = postSolution
		SolutionGuid = {D514FDD5-8EA8-4802-B397-EB36F437ABB0}
	EndGlobalSection
EndGlobal
